
Microsoft Visual Studio Solution File, Format Version 12.00
# Visual Studio Version 17
VisualStudioVersion = 17.0.32112.339
MinimumVisualStudioVersion = 10.0.40219.1
Project("{9A19103F-16F7-4668-BE54-9A1E7A4F7556}") = "Reports", "Reports\Reports.csproj", "{C676A70A-EB70-4015-8F63-A0BBABDB276C}"
EndProject
Project("{9A19103F-16F7-4668-BE54-9A1E7A4F7556}") = "Expert", "Expert\Expert.csproj", "{14DC3266-DB9A-4993-AFD8-590D1454699A}"
EndProject
Project("{9A19103F-16F7-4668-BE54-9A1E7A4F7556}") = "Events", "Events\Events.csproj", "{E29C8DA6-96C1-4776-9505-59ABD079F07B}"
EndProject
Project("{9A19103F-16F7-4668-BE54-9A1E7A4F7556}") = "Calculator", "Calculator\Calculator.csproj", "{B374C811-3C29-46A4-8491-83E670AC4079}"
EndProject
Project("{9A19103F-16F7-4668-BE54-9A1E7A4F7556}") = "Dal", "DAL\Dal.csproj", "{1955C5A6-A8F1-456C-BDB5-ADDB1252F70B}"
EndProject
Project("{9A19103F-16F7-4668-BE54-9A1E7A4F7556}") = "BackendUtilities", "BackendUtilities\BackendUtilities.csproj", "{5D439DE9-F582-4C34-8085-DE3B5C6A1245}"
EndProject
Project("{9A19103F-16F7-4668-BE54-9A1E7A4F7556}") = "Model", "Model\Model.csproj", "{E134ED73-EDFF-44DA-91C0-658C8E248639}"
EndProject
Project("{2150E333-8FDC-42A3-9474-1A3956D46DE8}") = "Forms", "Forms", "{22D072FD-61B4-4791-9112-DC3741FAE83B}"
EndProject
Project("{9A19103F-16F7-4668-BE54-9A1E7A4F7556}") = "FormsDal", "Forms\FormsDAL\FormsDal.csproj", "{7EAC7AED-8E82-4E2E-9994-B9F934AFAF5E}"
EndProject
Project("{9A19103F-16F7-4668-BE54-9A1E7A4F7556}") = "FormsHandler", "Forms\FormsHandler\FormsHandler.csproj", "{DCBB94AD-4076-43FC-A13A-412C9C6023C0}"
EndProject
Global
	GlobalSection(SolutionConfigurationPlatforms) = preSolution
		Debug|Any CPU = Debug|Any CPU
		Debug|x64 = Debug|x64
		Debug|x86 = Debug|x86
		Release|Any CPU = Release|Any CPU
		Release|x64 = Release|x64
		Release|x86 = Release|x86
	EndGlobalSection
	GlobalSection(ProjectConfigurationPlatforms) = postSolution
		{C676A70A-EB70-4015-8F63-A0BBABDB276C}.Debug|Any CPU.ActiveCfg = Debug|x64
		{C676A70A-EB70-4015-8F63-A0BBABDB276C}.Debug|Any CPU.Build.0 = Debug|x64
		{C676A70A-EB70-4015-8F63-A0BBABDB276C}.Debug|x64.ActiveCfg = Debug|x64
		{C676A70A-EB70-4015-8F63-A0BBABDB276C}.Debug|x64.Build.0 = Debug|x64
		{C676A70A-EB70-4015-8F63-A0BBABDB276C}.Debug|x86.ActiveCfg = Debug|Any CPU
		{C676A70A-EB70-4015-8F63-A0BBABDB276C}.Debug|x86.Build.0 = Debug|Any CPU
		{C676A70A-EB70-4015-8F63-A0BBABDB276C}.Release|Any CPU.ActiveCfg = Release|Any CPU
		{C676A70A-EB70-4015-8F63-A0BBABDB276C}.Release|Any CPU.Build.0 = Release|Any CPU
		{C676A70A-EB70-4015-8F63-A0BBABDB276C}.Release|x64.ActiveCfg = Release|x64
		{C676A70A-EB70-4015-8F63-A0BBABDB276C}.Release|x64.Build.0 = Release|x64
		{C676A70A-EB70-4015-8F63-A0BBABDB276C}.Release|x86.ActiveCfg = Release|Any CPU
		{C676A70A-EB70-4015-8F63-A0BBABDB276C}.Release|x86.Build.0 = Release|Any CPU
		{14DC3266-DB9A-4993-AFD8-590D1454699A}.Debug|Any CPU.ActiveCfg = Debug|x64
		{14DC3266-DB9A-4993-AFD8-590D1454699A}.Debug|Any CPU.Build.0 = Debug|x64
		{14DC3266-DB9A-4993-AFD8-590D1454699A}.Debug|x64.ActiveCfg = Debug|x64
		{14DC3266-DB9A-4993-AFD8-590D1454699A}.Debug|x64.Build.0 = Debug|x64
		{14DC3266-DB9A-4993-AFD8-590D1454699A}.Debug|x86.ActiveCfg = Debug|Any CPU
		{14DC3266-DB9A-4993-AFD8-590D1454699A}.Debug|x86.Build.0 = Debug|Any CPU
		{14DC3266-DB9A-4993-AFD8-590D1454699A}.Release|Any CPU.ActiveCfg = Release|Any CPU
		{14DC3266-DB9A-4993-AFD8-590D1454699A}.Release|Any CPU.Build.0 = Release|Any CPU
		{14DC3266-DB9A-4993-AFD8-590D1454699A}.Release|x64.ActiveCfg = Release|x64
		{14DC3266-DB9A-4993-AFD8-590D1454699A}.Release|x64.Build.0 = Release|x64
		{14DC3266-DB9A-4993-AFD8-590D1454699A}.Release|x86.ActiveCfg = Release|Any CPU
		{14DC3266-DB9A-4993-AFD8-590D1454699A}.Release|x86.Build.0 = Release|Any CPU
		{E29C8DA6-96C1-4776-9505-59ABD079F07B}.Debug|Any CPU.ActiveCfg = Debug|x64
		{E29C8DA6-96C1-4776-9505-59ABD079F07B}.Debug|Any CPU.Build.0 = Debug|x64
		{E29C8DA6-96C1-4776-9505-59ABD079F07B}.Debug|x64.ActiveCfg = Debug|x64
		{E29C8DA6-96C1-4776-9505-59ABD079F07B}.Debug|x64.Build.0 = Debug|x64
		{E29C8DA6-96C1-4776-9505-59ABD079F07B}.Debug|x86.ActiveCfg = Debug|Any CPU
		{E29C8DA6-96C1-4776-9505-59ABD079F07B}.Debug|x86.Build.0 = Debug|Any CPU
		{E29C8DA6-96C1-4776-9505-59ABD079F07B}.Release|Any CPU.ActiveCfg = Release|Any CPU
		{E29C8DA6-96C1-4776-9505-59ABD079F07B}.Release|Any CPU.Build.0 = Release|Any CPU
		{E29C8DA6-96C1-4776-9505-59ABD079F07B}.Release|x64.ActiveCfg = Release|x64
		{E29C8DA6-96C1-4776-9505-59ABD079F07B}.Release|x64.Build.0 = Release|x64
		{E29C8DA6-96C1-4776-9505-59ABD079F07B}.Release|x86.ActiveCfg = Release|Any CPU
		{E29C8DA6-96C1-4776-9505-59ABD079F07B}.Release|x86.Build.0 = Release|Any CPU
		{B374C811-3C29-46A4-8491-83E670AC4079}.Debug|Any CPU.ActiveCfg = Debug|x64
		{B374C811-3C29-46A4-8491-83E670AC4079}.Debug|Any CPU.Build.0 = Debug|x64
		{B374C811-3C29-46A4-8491-83E670AC4079}.Debug|x64.ActiveCfg = Debug|x64
		{B374C811-3C29-46A4-8491-83E670AC4079}.Debug|x64.Build.0 = Debug|x64
		{B374C811-3C29-46A4-8491-83E670AC4079}.Debug|x86.ActiveCfg = Debug|Any CPU
		{B374C811-3C29-46A4-8491-83E670AC4079}.Debug|x86.Build.0 = Debug|Any CPU
		{B374C811-3C29-46A4-8491-83E670AC4079}.Release|Any CPU.ActiveCfg = Release|Any CPU
		{B374C811-3C29-46A4-8491-83E670AC4079}.Release|Any CPU.Build.0 = Release|Any CPU
		{B374C811-3C29-46A4-8491-83E670AC4079}.Release|x64.ActiveCfg = Release|x64
		{B374C811-3C29-46A4-8491-83E670AC4079}.Release|x64.Build.0 = Release|x64
		{B374C811-3C29-46A4-8491-83E670AC4079}.Release|x86.ActiveCfg = Release|x86
		{B374C811-3C29-46A4-8491-83E670AC4079}.Release|x86.Build.0 = Release|x86
		{1955C5A6-A8F1-456C-BDB5-ADDB1252F70B}.Debug|Any CPU.ActiveCfg = Debug|Any CPU
		{1955C5A6-A8F1-456C-BDB5-ADDB1252F70B}.Debug|Any CPU.Build.0 = Debug|Any CPU
		{1955C5A6-A8F1-456C-BDB5-ADDB1252F70B}.Debug|x64.ActiveCfg = Debug|x64
		{1955C5A6-A8F1-456C-BDB5-ADDB1252F70B}.Debug|x64.Build.0 = Debug|x64
		{1955C5A6-A8F1-456C-BDB5-ADDB1252F70B}.Debug|x86.ActiveCfg = Debug|Any CPU
		{1955C5A6-A8F1-456C-BDB5-ADDB1252F70B}.Debug|x86.Build.0 = Debug|Any CPU
		{1955C5A6-A8F1-456C-BDB5-ADDB1252F70B}.Release|Any CPU.ActiveCfg = Release|Any CPU
		{1955C5A6-A8F1-456C-BDB5-ADDB1252F70B}.Release|Any CPU.Build.0 = Release|Any CPU
		{1955C5A6-A8F1-456C-BDB5-ADDB1252F70B}.Release|x64.ActiveCfg = Release|Any CPU
		{1955C5A6-A8F1-456C-BDB5-ADDB1252F70B}.Release|x64.Build.0 = Release|Any CPU
		{1955C5A6-A8F1-456C-BDB5-ADDB1252F70B}.Release|x86.ActiveCfg = Release|Any CPU
		{1955C5A6-A8F1-456C-BDB5-ADDB1252F70B}.Release|x86.Build.0 = Release|Any CPU
		{5D439DE9-F582-4C34-8085-DE3B5C6A1245}.Debug|Any CPU.ActiveCfg = Debug|Any CPU
		{5D439DE9-F582-4C34-8085-DE3B5C6A1245}.Debug|x64.ActiveCfg = Debug|x64
		{5D439DE9-F582-4C34-8085-DE3B5C6A1245}.Debug|x86.ActiveCfg = Debug|x86
		{5D439DE9-F582-4C34-8085-DE3B5C6A1245}.Release|Any CPU.ActiveCfg = Release|Any CPU
		{5D439DE9-F582-4C34-8085-DE3B5C6A1245}.Release|Any CPU.Build.0 = Release|Any CPU
		{5D439DE9-F582-4C34-8085-DE3B5C6A1245}.Release|x64.ActiveCfg = Release|x64
		{5D439DE9-F582-4C34-8085-DE3B5C6A1245}.Release|x64.Build.0 = Release|x64
		{5D439DE9-F582-4C34-8085-DE3B5C6A1245}.Release|x86.ActiveCfg = Release|x86
		{5D439DE9-F582-4C34-8085-DE3B5C6A1245}.Release|x86.Build.0 = Release|x86
		{E134ED73-EDFF-44DA-91C0-658C8E248639}.Debug|Any CPU.ActiveCfg = Debug|Any CPU
		{E134ED73-EDFF-44DA-91C0-658C8E248639}.Debug|x64.ActiveCfg = Debug|x64
		{E134ED73-EDFF-44DA-91C0-658C8E248639}.Debug|x86.ActiveCfg = Debug|x86
		{E134ED73-EDFF-44DA-91C0-658C8E248639}.Release|Any CPU.ActiveCfg = Release|Any CPU
		{E134ED73-EDFF-44DA-91C0-658C8E248639}.Release|Any CPU.Build.0 = Release|Any CPU
		{E134ED73-EDFF-44DA-91C0-658C8E248639}.Release|x64.ActiveCfg = Release|x64
		{E134ED73-EDFF-44DA-91C0-658C8E248639}.Release|x64.Build.0 = Release|x64
		{E134ED73-EDFF-44DA-91C0-658C8E248639}.Release|x86.ActiveCfg = Release|x86
		{E134ED73-EDFF-44DA-91C0-658C8E248639}.Release|x86.Build.0 = Release|x86
		{7EAC7AED-8E82-4E2E-9994-B9F934AFAF5E}.Debug|Any CPU.ActiveCfg = Debug|Any CPU
		{7EAC7AED-8E82-4E2E-9994-B9F934AFAF5E}.Debug|Any CPU.Build.0 = Debug|Any CPU
		{7EAC7AED-8E82-4E2E-9994-B9F934AFAF5E}.Debug|x64.ActiveCfg = Debug|x64
		{7EAC7AED-8E82-4E2E-9994-B9F934AFAF5E}.Debug|x64.Build.0 = Debug|x64
		{7EAC7AED-8E82-4E2E-9994-B9F934AFAF5E}.Debug|x86.ActiveCfg = Debug|Any CPU
		{7EAC7AED-8E82-4E2E-9994-B9F934AFAF5E}.Debug|x86.Build.0 = Debug|Any CPU
		{7EAC7AED-8E82-4E2E-9994-B9F934AFAF5E}.Release|Any CPU.ActiveCfg = Release|Any CPU
		{7EAC7AED-8E82-4E2E-9994-B9F934AFAF5E}.Release|Any CPU.Build.0 = Release|Any CPU
		{7EAC7AED-8E82-4E2E-9994-B9F934AFAF5E}.Release|x64.ActiveCfg = Release|Any CPU
		{7EAC7AED-8E82-4E2E-9994-B9F934AFAF5E}.Release|x64.Build.0 = Release|Any CPU
		{7EAC7AED-8E82-4E2E-9994-B9F934AFAF5E}.Release|x86.ActiveCfg = Release|Any CPU
		{7EAC7AED-8E82-4E2E-9994-B9F934AFAF5E}.Release|x86.Build.0 = Release|Any CPU
		{DCBB94AD-4076-43FC-A13A-412C9C6023C0}.Debug|Any CPU.ActiveCfg = Debug|Any CPU
		{DCBB94AD-4076-43FC-A13A-412C9C6023C0}.Debug|Any CPU.Build.0 = Debug|Any CPU
		{DCBB94AD-4076-43FC-A13A-412C9C6023C0}.Debug|x64.ActiveCfg = Debug|x64
		{DCBB94AD-4076-43FC-A13A-412C9C6023C0}.Debug|x64.Build.0 = Debug|x64
		{DCBB94AD-4076-43FC-A13A-412C9C6023C0}.Debug|x86.ActiveCfg = Debug|x86
		{DCBB94AD-4076-43FC-A13A-412C9C6023C0}.Debug|x86.Build.0 = Debug|x86
		{DCBB94AD-4076-43FC-A13A-412C9C6023C0}.Release|Any CPU.ActiveCfg = Release|Any CPU
		{DCBB94AD-4076-43FC-A13A-412C9C6023C0}.Release|Any CPU.Build.0 = Release|Any CPU
		{DCBB94AD-4076-43FC-A13A-412C9C6023C0}.Release|x64.ActiveCfg = Release|x64
		{DCBB94AD-4076-43FC-A13A-412C9C6023C0}.Release|x64.Build.0 = Release|x64
		{DCBB94AD-4076-43FC-A13A-412C9C6023C0}.Release|x86.ActiveCfg = Release|x86
		{DCBB94AD-4076-43FC-A13A-412C9C6023C0}.Release|x86.Build.0 = Release|x86
	EndGlobalSection
	GlobalSection(SolutionProperties) = preSolution
		HideSolutionNode = FALSE
	EndGlobalSection
	GlobalSection(NestedProjects) = preSolution
		{7EAC7AED-8E82-4E2E-9994-B9F934AFAF5E} = {22D072FD-61B4-4791-9112-DC3741FAE83B}
		{DCBB94AD-4076-43FC-A13A-412C9C6023C0} = {22D072FD-61B4-4791-9112-DC3741FAE83B}
	EndGlobalSection
	GlobalSection(ExtensibilityGlobals) = postSolution
		SolutionGuid = {9B4F81DD-652E-4376-B706-309C7C38A396}
	EndGlobalSection
EndGlobal
